PODS:
  - AFNetworkActivityLogger (2.0.4):
    - AFNetworking/NSURLConnection (~> 2.0)
    - AFNetworking/NSURLSession (~> 2.0)
  - AFNetworking (2.5.4):
    - AFNetworking/NSURLConnection (= 2.5.4)
    - AFNetworking/NSURLSession (= 2.5.4)
    - AFNetworking/Reachability (= 2.5.4)
    - AFNetworking/Security (= 2.5.4)
    - AFNetworking/Serialization (= 2.5.4)
    - AFNetworking/UIKit (= 2.5.4)
  - AFNetworking/NSURLConnection (2.5.4):
    - AFNetworking/Reachability
    - AFNetworking/Security
    - AFNetworking/Serialization
  - AFNetworking/NSURLSession (2.5.4):
    - AFNetworking/Reachability
    - AFNetworking/Security
    - AFNetworking/Serialization
  - AFNetworking/Reachability (2.5.4)
  - AFNetworking/Security (2.5.4)
  - AFNetworking/Serialization (2.5.4)
  - AFNetworking/UIKit (2.5.4):
    - AFNetworking/NSURLConnection
    - AFNetworking/NSURLSession
  - Bolts (1.2.0):
    - Bolts/AppLinks (= 1.2.0)
    - Bolts/Tasks (= 1.2.0)
  - Bolts/AppLinks (1.2.0):
    - Bolts/Tasks
  - Bolts/Tasks (1.2.0)
  - Facebook-iOS-SDK (3.23.2):
    - Bolts (~> 1.0)
  - INTULocationManager (3.0.3)
  - NewRelicAgent (5.1.0)
  - SDWebImage (3.7.2):
    - SDWebImage/Core (= 3.7.2)
  - SDWebImage/Core (3.7.2)
  - SSKeychain (1.2.3)
  - StreamingKit (0.1.25)
  - SWTableViewCell (0.3.7)
  - UIImageEffects (0.0.1)

DEPENDENCIES:
  - AFNetworkActivityLogger (~> 2.0)
  - AFNetworking (~> 2.0)
  - Facebook-iOS-SDK (~> 3.21)
  - INTULocationManager (~> 3.0)
  - NewRelicAgent
  - SDWebImage (~> 3.7)
  - SSKeychain (~> 1.2)
  - StreamingKit (~> 0.1)
  - SWTableViewCell (~> 0.3.7)
  - UIImageEffects

SPEC CHECKSUMS:
  AFNetworkActivityLogger: 121486778117d53b3ab1c61d264b88081d0c3eee
  AFNetworking: 05edc0ac4c4c8cf57bcf4b84be5b0744b6d8e71e
  Bolts: d176cb1e0012175589e389a9db49b85e27787576
  Facebook-iOS-SDK: cd87f0b2f0c1d9574b44e8fa2baacc275524bac3
  INTULocationManager: e79327803a163f5fec28eb042bb124ed0c6e4876
  NewRelicAgent: ab0ca8fe6477d3650eb58c95d5d26dfbd9be7bac
  SDWebImage: 71b7cdc1d1721d6a82ed62889030225f2c249e29
  SSKeychain: 3f42991739c6c60a9cf1bbd4dff6c0d3694bcf3d
  StreamingKit: f00c054cfd0f59d88c8be7a2270e208302ce48c4
  SWTableViewCell: 2a94aadc9d47b2b611fa064566bf57948b95b579
  UIImageEffects: 37b99fa461e4965f332ca82e92f2c22a1075ee84

COCOAPODS: 0.37.1
