// !$*UTF8*$!
{
	archiveVersion = 1;
	classes = {
	};
	objectVersion = 46;
	objects = {

/* Begin PBXBuildFile section */
		0C5C4B89C9B444C983D44940 /* libPods-OneSound.a in Frameworks */ = {isa = PBXBuildFile; fileRef = 52F652D4E9264838BE2D4D5C /* libPods-OneSound.a */; };
		81062FA3196B6C7E0057D230 /* AppDelegate.swift in Sources */ = {isa = PBXBuildFile; fileRef = 81062FA2196B6C7E0057D230 /* AppDelegate.swift */; };
		81062FAC196B6C7E0057D230 /* Images.xcassets in Resources */ = {isa = PBXBuildFile; fileRef = 81062FAB196B6C7E0057D230 /* Images.xcassets */; };
		81062FB8196B6C7E0057D230 /* OneSoundTests.swift in Sources */ = {isa = PBXBuildFile; fileRef = 81062FB7196B6C7E0057D230 /* OneSoundTests.swift */; };
		81062FC2196B6DAA0057D230 /* TestViewController.swift in Sources */ = {isa = PBXBuildFile; fileRef = 81062FC1196B6DAA0057D230 /* TestViewController.swift */; };
		81527128196C5A8E00464068 /* User.swift in Sources */ = {isa = PBXBuildFile; fileRef = 81527127196C5A8E00464068 /* User.swift */; };
		81751FF2196DB56600B9F9A9 /* SideNavigationViewController.swift in Sources */ = {isa = PBXBuildFile; fileRef = 81751FF0196DB56600B9F9A9 /* SideNavigationViewController.swift */; };
		81751FF3196DB56600B9F9A9 /* SideNavigationViewController.xib in Resources */ = {isa = PBXBuildFile; fileRef = 81751FF1196DB56600B9F9A9 /* SideNavigationViewController.xib */; };
		81751FF5196DEB0F00B9F9A9 /* Foundation.framework in Frameworks */ = {isa = PBXBuildFile; fileRef = 81751FF4196DEB0F00B9F9A9 /* Foundation.framework */; };
		81751FF7196DEB1D00B9F9A9 /* UIKit.framework in Frameworks */ = {isa = PBXBuildFile; fileRef = 81751FF6196DEB1D00B9F9A9 /* UIKit.framework */; };
		81929C86196B7973006F336B /* SwiftyJSON.swift in Sources */ = {isa = PBXBuildFile; fileRef = 81929C85196B7973006F336B /* SwiftyJSON.swift */; };
		81929C88196C2C2C006F336B /* OneSoundHTTPClient.swift in Sources */ = {isa = PBXBuildFile; fileRef = 81929C87196C2C2C006F336B /* OneSoundHTTPClient.swift */; };
		81929C8A196C35FA006F336B /* SwiftUtilities.swift in Sources */ = {isa = PBXBuildFile; fileRef = 81929C89196C35FA006F336B /* SwiftUtilities.swift */; };
		81936FC8196C656F005E42F4 /* FrontViewController.swift in Sources */ = {isa = PBXBuildFile; fileRef = 81936FC6196C656F005E42F4 /* FrontViewController.swift */; };
		81936FC9196C656F005E42F4 /* FrontViewController.xib in Resources */ = {isa = PBXBuildFile; fileRef = 81936FC7196C656F005E42F4 /* FrontViewController.xib */; };
		81DF03C0196E00A5003FB84F /* FrontNavigationController.swift in Sources */ = {isa = PBXBuildFile; fileRef = 81DF03BE196E00A5003FB84F /* FrontNavigationController.swift */; };
		81DF03C3196E14B3003FB84F /* FrontNavigationController.xib in Resources */ = {isa = PBXBuildFile; fileRef = 81DF03C2196E14B3003FB84F /* FrontNavigationController.xib */; };
/* End PBXBuildFile section */

/* Begin PBXContainerItemProxy section */
		81062FB2196B6C7E0057D230 /* PBXContainerItemProxy */ = {
			isa = PBXContainerItemProxy;
			containerPortal = 81062F95196B6C7E0057D230 /* Project object */;
			proxyType = 1;
			remoteGlobalIDString = 81062F9C196B6C7E0057D230;
			remoteInfo = OneSound;
		};
/* End PBXContainerItemProxy section */

/* Begin PBXFileReference section */
		2B74F56C655F4716852A0B36 /* Pods-OneSound.xcconfig */ = {isa = PBXFileReference; includeInIndex = 1; lastKnownFileType = text.xcconfig; name = "Pods-OneSound.xcconfig"; path = "Pods/Pods-OneSound.xcconfig"; sourceTree = "<group>"; };
		52F652D4E9264838BE2D4D5C /* libPods-OneSound.a */ = {isa = PBXFileReference; explicitFileType = archive.ar; includeInIndex = 0; path = "libPods-OneSound.a"; sourceTree = BUILT_PRODUCTS_DIR; };
		81062F9D196B6C7E0057D230 /* OneSound.app */ = {isa = PBXFileReference; explicitFileType = wrapper.application; includeInIndex = 0; path = OneSound.app; sourceTree = BUILT_PRODUCTS_DIR; };
		81062FA1196B6C7E0057D230 /* Info.plist */ = {isa = PBXFileReference; lastKnownFileType = text.plist.xml; path = Info.plist; sourceTree = "<group>"; };
		81062FA2196B6C7E0057D230 /* AppDelegate.swift */ = {isa = PBXFileReference; lastKnownFileType = sourcecode.swift; path = AppDelegate.swift; sourceTree = "<group>"; };
		81062FAB196B6C7E0057D230 /* Images.xcassets */ = {isa = PBXFileReference; lastKnownFileType = folder.assetcatalog; path = Images.xcassets; sourceTree = "<group>"; };
		81062FB1196B6C7E0057D230 /* OneSoundTests.xctest */ = {isa = PBXFileReference; explicitFileType = wrapper.cfbundle; includeInIndex = 0; path = OneSoundTests.xctest; sourceTree = BUILT_PRODUCTS_DIR; };
		81062FB6196B6C7E0057D230 /* Info.plist */ = {isa = PBXFileReference; lastKnownFileType = text.plist.xml; path = Info.plist; sourceTree = "<group>"; };
		81062FB7196B6C7E0057D230 /* OneSoundTests.swift */ = {isa = PBXFileReference; lastKnownFileType = sourcecode.swift; path = OneSoundTests.swift; sourceTree = "<group>"; };
		81062FC1196B6DAA0057D230 /* TestViewController.swift */ = {isa = PBXFileReference; fileEncoding = 4; lastKnownFileType = sourcecode.swift; path = TestViewController.swift; sourceTree = "<group>"; };
		81527127196C5A8E00464068 /* User.swift */ = {isa = PBXFileReference; fileEncoding = 4; lastKnownFileType = sourcecode.swift; path = User.swift; sourceTree = "<group>"; };
		81751FF0196DB56600B9F9A9 /* SideNavigationViewController.swift */ = {isa = PBXFileReference; fileEncoding = 4; lastKnownFileType = sourcecode.swift; name = SideNavigationViewController.swift; path = ../SideNavigationViewController.swift; sourceTree = "<group>"; };
		81751FF1196DB56600B9F9A9 /* SideNavigationViewController.xib */ = {isa = PBXFileReference; fileEncoding = 4; lastKnownFileType = file.xib; name = SideNavigationViewController.xib; path = ../SideNavigationViewController.xib; sourceTree = "<group>"; };
		81751FF4196DEB0F00B9F9A9 /* Foundation.framework */ = {isa = PBXFileReference; lastKnownFileType = wrapper.framework; name = Foundation.framework; path = System/Library/Frameworks/Foundation.framework; sourceTree = SDKROOT; };
		81751FF6196DEB1D00B9F9A9 /* UIKit.framework */ = {isa = PBXFileReference; lastKnownFileType = wrapper.framework; name = UIKit.framework; path = System/Library/Frameworks/UIKit.framework; sourceTree = SDKROOT; };
		81929C81196B71F3006F336B /* OneSound-Bridging-Header.h */ = {isa = PBXFileReference; lastKnownFileType = sourcecode.c.h; path = "OneSound-Bridging-Header.h"; sourceTree = "<group>"; };
		81929C84196B736B006F336B /* Podfile */ = {isa = PBXFileReference; lastKnownFileType = text; path = Podfile; sourceTree = "<group>"; xcLanguageSpecificationIdentifier = xcode.lang.ruby; };
		81929C85196B7973006F336B /* SwiftyJSON.swift */ = {isa = PBXFileReference; fileEncoding = 4; lastKnownFileType = sourcecode.swift; name = SwiftyJSON.swift; path = "../../../../../../Downloads/SwiftyJSON-master/SwiftyJSON/SwiftyJSON.swift"; sourceTree = "<group>"; };
		81929C87196C2C2C006F336B /* OneSoundHTTPClient.swift */ = {isa = PBXFileReference; fileEncoding = 4; lastKnownFileType = sourcecode.swift; path = OneSoundHTTPClient.swift; sourceTree = "<group>"; };
		81929C89196C35FA006F336B /* SwiftUtilities.swift */ = {isa = PBXFileReference; fileEncoding = 4; lastKnownFileType = sourcecode.swift; name = SwiftUtilities.swift; path = ../../../../../Swift/SwiftUtilities.swift; sourceTree = "<group>"; };
		81936FC6196C656F005E42F4 /* FrontViewController.swift */ = {isa = PBXFileReference; fileEncoding = 4; lastKnownFileType = sourcecode.swift; path = FrontViewController.swift; sourceTree = "<group>"; };
		81936FC7196C656F005E42F4 /* FrontViewController.xib */ = {isa = PBXFileReference; fileEncoding = 4; lastKnownFileType = file.xib; path = FrontViewController.xib; sourceTree = "<group>"; };
		81DF03BE196E00A5003FB84F /* FrontNavigationController.swift */ = {isa = PBXFileReference; fileEncoding = 4; lastKnownFileType = sourcecode.swift; name = FrontNavigationController.swift; path = ../FrontNavigationController.swift; sourceTree = "<group>"; };
		81DF03C2196E14B3003FB84F /* FrontNavigationController.xib */ = {isa = PBXFileReference; fileEncoding = 4; lastKnownFileType = file.xib; name = FrontNavigationController.xib; path = ../../../../../../.Trash/FrontNavigationController.xib; sourceTree = "<group>"; };
/* End PBXFileReference section */

/* Begin PBXFrameworksBuildPhase section */
		81062F9A196B6C7E0057D230 /* Frameworks */ = {
			isa = PBXFrameworksBuildPhase;
			buildActionMask = 2147483647;
			files = (
				81751FF7196DEB1D00B9F9A9 /* UIKit.framework in Frameworks */,
				81751FF5196DEB0F00B9F9A9 /* Foundation.framework in Frameworks */,
				0C5C4B89C9B444C983D44940 /* libPods-OneSound.a in Frameworks */,
			);
			runOnlyForDeploymentPostprocessing = 0;
		};
		81062FAE196B6C7E0057D230 /* Frameworks */ = {
			isa = PBXFrameworksBuildPhase;
			buildActionMask = 2147483647;
			files = (
			);
			runOnlyForDeploymentPostprocessing = 0;
		};
/* End PBXFrameworksBuildPhase section */

/* Begin PBXGroup section */
		81062F94196B6C7E0057D230 = {
			isa = PBXGroup;
			children = (
				81929C84196B736B006F336B /* Podfile */,
				81062F9F196B6C7E0057D230 /* OneSound */,
				81062FB4196B6C7E0057D230 /* OneSoundTests */,
				81062F9E196B6C7E0057D230 /* Products */,
				2B74F56C655F4716852A0B36 /* Pods-OneSound.xcconfig */,
				F0954DF62FE441E2A671CB82 /* Frameworks */,
			);
			sourceTree = "<group>";
		};
		81062F9E196B6C7E0057D230 /* Products */ = {
			isa = PBXGroup;
			children = (
				81062F9D196B6C7E0057D230 /* OneSound.app */,
				81062FB1196B6C7E0057D230 /* OneSoundTests.xctest */,
			);
			name = Products;
			sourceTree = "<group>";
		};
		81062F9F196B6C7E0057D230 /* OneSound */ = {
			isa = PBXGroup;
			children = (
				81062FAB196B6C7E0057D230 /* Images.xcassets */,
				81062FA0196B6C7E0057D230 /* Supporting Files */,
				81929C81196B71F3006F336B /* OneSound-Bridging-Header.h */,
				81929C89196C35FA006F336B /* SwiftUtilities.swift */,
				81062FA2196B6C7E0057D230 /* AppDelegate.swift */,
				81DF03BE196E00A5003FB84F /* FrontNavigationController.swift */,
				81DF03C2196E14B3003FB84F /* FrontNavigationController.xib */,
				81929C85196B7973006F336B /* SwiftyJSON.swift */,
				81929C87196C2C2C006F336B /* OneSoundHTTPClient.swift */,
				81062FC1196B6DAA0057D230 /* TestViewController.swift */,
				81527127196C5A8E00464068 /* User.swift */,
				81936FC6196C656F005E42F4 /* FrontViewController.swift */,
				81936FC7196C656F005E42F4 /* FrontViewController.xib */,
				81751FF0196DB56600B9F9A9 /* SideNavigationViewController.swift */,
				81751FF1196DB56600B9F9A9 /* SideNavigationViewController.xib */,
			);
			path = OneSound;
			sourceTree = "<group>";
		};
		81062FA0196B6C7E0057D230 /* Supporting Files */ = {
			isa = PBXGroup;
			children = (
				81062FA1196B6C7E0057D230 /* Info.plist */,
			);
			name = "Supporting Files";
			sourceTree = "<group>";
		};
		81062FB4196B6C7E0057D230 /* OneSoundTests */ = {
			isa = PBXGroup;
			children = (
				81062FB7196B6C7E0057D230 /* OneSoundTests.swift */,
				81062FB5196B6C7E0057D230 /* Supporting Files */,
			);
			path = OneSoundTests;
			sourceTree = "<group>";
		};
		81062FB5196B6C7E0057D230 /* Supporting Files */ = {
			isa = PBXGroup;
			children = (
				81062FB6196B6C7E0057D230 /* Info.plist */,
			);
			name = "Supporting Files";
			sourceTree = "<group>";
		};
		F0954DF62FE441E2A671CB82 /* Frameworks */ = {
			isa = PBXGroup;
			children = (
				81751FF6196DEB1D00B9F9A9 /* UIKit.framework */,
				81751FF4196DEB0F00B9F9A9 /* Foundation.framework */,
				52F652D4E9264838BE2D4D5C /* libPods-OneSound.a */,
			);
			name = Frameworks;
			sourceTree = "<group>";
		};
/* End PBXGroup section */

/* Begin PBXNativeTarget section */
		81062F9C196B6C7E0057D230 /* OneSound */ = {
			isa = PBXNativeTarget;
			buildConfigurationList = 81062FBB196B6C7E0057D230 /* Build configuration list for PBXNativeTarget "OneSound" */;
			buildPhases = (
				205EC9B4E71C4A5882214705 /* Check Pods Manifest.lock */,
				81062F99196B6C7E0057D230 /* Sources */,
				81062F9A196B6C7E0057D230 /* Frameworks */,
				81062F9B196B6C7E0057D230 /* Resources */,
				FBAECF98FB8E476DADF83FAD /* Copy Pods Resources */,
			);
			buildRules = (
			);
			dependencies = (
			);
			name = OneSound;
			productName = OneSound;
			productReference = 81062F9D196B6C7E0057D230 /* OneSound.app */;
			productType = "com.apple.product-type.application";
		};
		81062FB0196B6C7E0057D230 /* OneSoundTests */ = {
			isa = PBXNativeTarget;
			buildConfigurationList = 81062FBE196B6C7E0057D230 /* Build configuration list for PBXNativeTarget "OneSoundTests" */;
			buildPhases = (
				81062FAD196B6C7E0057D230 /* Sources */,
				81062FAE196B6C7E0057D230 /* Frameworks */,
				81062FAF196B6C7E0057D230 /* Resources */,
			);
			buildRules = (
			);
			dependencies = (
				81062FB3196B6C7E0057D230 /* PBXTargetDependency */,
			);
			name = OneSoundTests;
			productName = OneSoundTests;
			productReference = 81062FB1196B6C7E0057D230 /* OneSoundTests.xctest */;
			productType = "com.apple.product-type.bundle.unit-test";
		};
/* End PBXNativeTarget section */

/* Begin PBXProject section */
		81062F95196B6C7E0057D230 /* Project object */ = {
			isa = PBXProject;
			attributes = {
				LastUpgradeCheck = 0600;
				ORGANIZATIONNAME = "Adam Schoonmaker";
				TargetAttributes = {
					81062F9C196B6C7E0057D230 = {
						CreatedOnToolsVersion = 6.0;
						DevelopmentTeam = 8YP7AK358X;
					};
					81062FB0196B6C7E0057D230 = {
						CreatedOnToolsVersion = 6.0;
						TestTargetID = 81062F9C196B6C7E0057D230;
					};
				};
			};
			buildConfigurationList = 81062F98196B6C7E0057D230 /* Build configuration list for PBXProject "OneSound" */;
			compatibilityVersion = "Xcode 3.2";
			developmentRegion = English;
			hasScannedForEncodings = 0;
			knownRegions = (
				en,
				Base,
			);
			mainGroup = 81062F94196B6C7E0057D230;
			productRefGroup = 81062F9E196B6C7E0057D230 /* Products */;
			projectDirPath = "";
			projectRoot = "";
			targets = (
				81062F9C196B6C7E0057D230 /* OneSound */,
				81062FB0196B6C7E0057D230 /* OneSoundTests */,
			);
		};
/* End PBXProject section */

/* Begin PBXResourcesBuildPhase section */
		81062F9B196B6C7E0057D230 /* Resources */ = {
			isa = PBXResourcesBuildPhase;
			buildActionMask = 2147483647;
			files = (
				81936FC9196C656F005E42F4 /* FrontViewController.xib in Resources */,
				81751FF3196DB56600B9F9A9 /* SideNavigationViewController.xib in Resources */,
				81062FAC196B6C7E0057D230 /* Images.xcassets in Resources */,
				81DF03C3196E14B3003FB84F /* FrontNavigationController.xib in Resources */,
			);
			runOnlyForDeploymentPostprocessing = 0;
		};
		81062FAF196B6C7E0057D230 /* Resources */ = {
			isa = PBXResourcesBuildPhase;
			buildActionMask = 2147483647;
			files = (
			);
			runOnlyForDeploymentPostprocessing = 0;
		};
/* End PBXResourcesBuildPhase section */

/* Begin PBXShellScriptBuildPhase section */
		205EC9B4E71C4A5882214705 /* Check Pods Manifest.lock */ = {
			isa = PBXShellScriptBuildPhase;
			buildActionMask = 2147483647;
			files = (
			);
			inputPaths = (
			);
			name = "Check Pods Manifest.lock";
			outputPaths = (
			);
			runOnlyForDeploymentPostprocessing = 0;
			shellPath = /bin/sh;
			shellScript = "diff \"${PODS_ROOT}/../Podfile.lock\" \"${PODS_ROOT}/Manifest.lock\" > /dev/null\nif [[ $? != 0 ]] ; then\n    cat << EOM\nerror: The sandbox is not in sync with the Podfile.lock. Run 'pod install' or update your CocoaPods installation.\nEOM\n    exit 1\nfi\n";
			showEnvVarsInLog = 0;
		};
		FBAECF98FB8E476DADF83FAD /* Copy Pods Resources */ = {
			isa = PBXShellScriptBuildPhase;
			buildActionMask = 2147483647;
			files = (
			);
			inputPaths = (
			);
			name = "Copy Pods Resources";
			outputPaths = (
			);
			runOnlyForDeploymentPostprocessing = 0;
			shellPath = /bin/sh;
			shellScript = "\"${SRCROOT}/Pods/Pods-OneSound-resources.sh\"\n";
			showEnvVarsInLog = 0;
		};
/* End PBXShellScriptBuildPhase section */

/* Begin PBXSourcesBuildPhase section */
		81062F99196B6C7E0057D230 /* Sources */ = {
			isa = PBXSourcesBuildPhase;
			buildActionMask = 2147483647;
			files = (
				81929C86196B7973006F336B /* SwiftyJSON.swift in Sources */,
				81062FA3196B6C7E0057D230 /* AppDelegate.swift in Sources */,
				81936FC8196C656F005E42F4 /* FrontViewController.swift in Sources */,
				81527128196C5A8E00464068 /* User.swift in Sources */,
				81751FF2196DB56600B9F9A9 /* SideNavigationViewController.swift in Sources */,
				81929C8A196C35FA006F336B /* SwiftUtilities.swift in Sources */,
				81929C88196C2C2C006F336B /* OneSoundHTTPClient.swift in Sources */,
				81062FC2196B6DAA0057D230 /* TestViewController.swift in Sources */,
				81DF03C0196E00A5003FB84F /* FrontNavigationController.swift in Sources */,
			);
			runOnlyForDeploymentPostprocessing = 0;
		};
		81062FAD196B6C7E0057D230 /* Sources */ = {
			isa = PBXSourcesBuildPhase;
			buildActionMask = 2147483647;
			files = (
				81062FB8196B6C7E0057D230 /* OneSoundTests.swift in Sources */,
			);
			runOnlyForDeploymentPostprocessing = 0;
		};
/* End PBXSourcesBuildPhase section */

/* Begin PBXTargetDependency section */
		81062FB3196B6C7E0057D230 /* PBXTargetDependency */ = {
			isa = PBXTargetDependency;
			target = 81062F9C196B6C7E0057D230 /* OneSound */;
			targetProxy = 81062FB2196B6C7E0057D230 /* PBXContainerItemProxy */;
		};
/* End PBXTargetDependency section */

/* Begin XCBuildConfiguration section */
		81062FB9196B6C7E0057D230 /* Debug */ = {
			isa = XCBuildConfiguration;
			buildSettings = {
				ALWAYS_SEARCH_USER_PATHS = NO;
				CLANG_CXX_LANGUAGE_STANDARD = "gnu++0x";
				CLANG_CXX_LIBRARY = "libc++";
				CLANG_ENABLE_MODULES = YES;
				CLANG_ENABLE_OBJC_ARC = YES;
				CLANG_WARN_BOOL_CONVERSION = YES;
				CLANG_WARN_CONSTANT_CONVERSION = YES;
				CLANG_WARN_DIRECT_OBJC_ISA_USAGE = YES_ERROR;
				CLANG_WARN_EMPTY_BODY = YES;
				CLANG_WARN_ENUM_CONVERSION = YES;
				CLANG_WARN_INT_CONVERSION = YES;
				CLANG_WARN_OBJC_ROOT_CLASS = YES_ERROR;
				CLANG_WARN_UNREACHABLE_CODE = YES;
				CLANG_WARN__DUPLICATE_METHOD_MATCH = YES;
				"CODE_SIGN_IDENTITY[sdk=iphoneos*]" = "iPhone Developer";
				COPY_PHASE_STRIP = NO;
				ENABLE_STRICT_OBJC_MSGSEND = YES;
				GCC_C_LANGUAGE_STANDARD = gnu99;
				GCC_DYNAMIC_NO_PIC = NO;
				GCC_OPTIMIZATION_LEVEL = 0;
				GCC_PREPROCESSOR_DEFINITIONS = (
					"DEBUG=1",
					"$(inherited)",
				);
				GCC_SYMBOLS_PRIVATE_EXTERN = NO;
				GCC_WARN_64_TO_32_BIT_CONVERSION = YES;
				GCC_WARN_ABOUT_RETURN_TYPE = YES_ERROR;
				GCC_WARN_UNDECLARED_SELECTOR = YES;
				GCC_WARN_UNINITIALIZED_AUTOS = YES_AGGRESSIVE;
				GCC_WARN_UNUSED_FUNCTION = YES;
				GCC_WARN_UNUSED_VARIABLE = YES;
				IPHONEOS_DEPLOYMENT_TARGET = 8.0;
				MTL_ENABLE_DEBUG_INFO = YES;
				ONLY_ACTIVE_ARCH = YES;
				SDKROOT = iphoneos;
				SWIFT_OPTIMIZATION_LEVEL = "-Onone";
				TARGETED_DEVICE_FAMILY = "1,2";
			};
			name = Debug;
		};
		81062FBA196B6C7E0057D230 /* Release */ = {
			isa = XCBuildConfiguration;
			buildSettings = {
				ALWAYS_SEARCH_USER_PATHS = NO;
				CLANG_CXX_LANGUAGE_STANDARD = "gnu++0x";
				CLANG_CXX_LIBRARY = "libc++";
				CLANG_ENABLE_MODULES = YES;
				CLANG_ENABLE_OBJC_ARC = YES;
				CLANG_WARN_BOOL_CONVERSION = YES;
				CLANG_WARN_CONSTANT_CONVERSION = YES;
				CLANG_WARN_DIRECT_OBJC_ISA_USAGE = YES_ERROR;
				CLANG_WARN_EMPTY_BODY = YES;
				CLANG_WARN_ENUM_CONVERSION = YES;
				CLANG_WARN_INT_CONVERSION = YES;
				CLANG_WARN_OBJC_ROOT_CLASS = YES_ERROR;
				CLANG_WARN_UNREACHABLE_CODE = YES;
				CLANG_WARN__DUPLICATE_METHOD_MATCH = YES;
				"CODE_SIGN_IDENTITY[sdk=iphoneos*]" = "iPhone Developer";
				COPY_PHASE_STRIP = YES;
				ENABLE_NS_ASSERTIONS = NO;
				ENABLE_STRICT_OBJC_MSGSEND = YES;
				GCC_C_LANGUAGE_STANDARD = gnu99;
				GCC_WARN_64_TO_32_BIT_CONVERSION = YES;
				GCC_WARN_ABOUT_RETURN_TYPE = YES_ERROR;
				GCC_WARN_UNDECLARED_SELECTOR = YES;
				GCC_WARN_UNINITIALIZED_AUTOS = YES_AGGRESSIVE;
				GCC_WARN_UNUSED_FUNCTION = YES;
				GCC_WARN_UNUSED_VARIABLE = YES;
				IPHONEOS_DEPLOYMENT_TARGET = 8.0;
				MTL_ENABLE_DEBUG_INFO = NO;
				SDKROOT = iphoneos;
				TARGETED_DEVICE_FAMILY = "1,2";
				VALIDATE_PRODUCT = YES;
			};
			name = Release;
		};
		81062FBC196B6C7E0057D230 /* Debug */ = {
			isa = XCBuildConfiguration;
			baseConfigurationReference = 2B74F56C655F4716852A0B36 /* Pods-OneSound.xcconfig */;
			buildSettings = {
				ASSETCATALOG_COMPILER_APPICON_NAME = AppIcon;
				ASSETCATALOG_COMPILER_LAUNCHIMAGE_NAME = LaunchImage;
				CLANG_ENABLE_MODULES = YES;
				INFOPLIST_FILE = OneSound/Info.plist;
				IPHONEOS_DEPLOYMENT_TARGET = 8.0;
				LD_RUNPATH_SEARCH_PATHS = "$(inherited) @executable_path/Frameworks";
				PRODUCT_NAME = "$(TARGET_NAME)";
				SWIFT_OBJC_BRIDGING_HEADER = "OneSound/OneSound-Bridging-Header.h";
				SWIFT_OPTIMIZATION_LEVEL = "-Onone";
				TARGETED_DEVICE_FAMILY = 1;
			};
			name = Debug;
		};
		81062FBD196B6C7E0057D230 /* Release */ = {
			isa = XCBuildConfiguration;
			baseConfigurationReference = 2B74F56C655F4716852A0B36 /* Pods-OneSound.xcconfig */;
			buildSettings = {
				ASSETCATALOG_COMPILER_APPICON_NAME = AppIcon;
				ASSETCATALOG_COMPILER_LAUNCHIMAGE_NAME = LaunchImage;
				CLANG_ENABLE_MODULES = YES;
				INFOPLIST_FILE = OneSound/Info.plist;
				IPHONEOS_DEPLOYMENT_TARGET = 8.0;
				LD_RUNPATH_SEARCH_PATHS = "$(inherited) @executable_path/Frameworks";
				PRODUCT_NAME = "$(TARGET_NAME)";
				SWIFT_OBJC_BRIDGING_HEADER = "OneSound/OneSound-Bridging-Header.h";
				TARGETED_DEVICE_FAMILY = 1;
			};
			name = Release;
		};
		81062FBF196B6C7E0057D230 /* Debug */ = {
			isa = XCBuildConfiguration;
			buildSettings = {
				BUNDLE_LOADER = "$(BUILT_PRODUCTS_DIR)/OneSound.app/OneSound";
				FRAMEWORK_SEARCH_PATHS = (
					"$(SDKROOT)/Developer/Library/Frameworks",
					"$(inherited)",
				);
				GCC_PREPROCESSOR_DEFINITIONS = (
					"DEBUG=1",
					"$(inherited)",
				);
				INFOPLIST_FILE = OneSoundTests/Info.plist;
				LD_RUNPATH_SEARCH_PATHS = "$(inherited) @executable_path/Frameworks @loader_path/Frameworks";
				PRODUCT_NAME = "$(TARGET_NAME)";
				TEST_HOST = "$(BUNDLE_LOADER)";
			};
			name = Debug;
		};
		81062FC0196B6C7E0057D230 /* Release */ = {
			isa = XCBuildConfiguration;
			buildSettings = {
				BUNDLE_LOADER = "$(BUILT_PRODUCTS_DIR)/OneSound.app/OneSound";
				FRAMEWORK_SEARCH_PATHS = (
					"$(SDKROOT)/Developer/Library/Frameworks",
					"$(inherited)",
				);
				INFOPLIST_FILE = OneSoundTests/Info.plist;
				LD_RUNPATH_SEARCH_PATHS = "$(inherited) @executable_path/Frameworks @loader_path/Frameworks";
				PRODUCT_NAME = "$(TARGET_NAME)";
				TEST_HOST = "$(BUNDLE_LOADER)";
			};
			name = Release;
		};
/* End XCBuildConfiguration section */

/* Begin XCConfigurationList section */
		81062F98196B6C7E0057D230 /* Build configuration list for PBXProject "OneSound" */ = {
			isa = XCConfigurationList;
			buildConfigurations = (
				81062FB9196B6C7E0057D230 /* Debug */,
				81062FBA196B6C7E0057D230 /* Release */,
			);
			defaultConfigurationIsVisible = 0;
			defaultConfigurationName = Release;
		};
		81062FBB196B6C7E0057D230 /* Build configuration list for PBXNativeTarget "OneSound" */ = {
			isa = XCConfigurationList;
			buildConfigurations = (
				81062FBC196B6C7E0057D230 /* Debug */,
				81062FBD196B6C7E0057D230 /* Release */,
			);
			defaultConfigurationIsVisible = 0;
			defaultConfigurationName = Release;
		};
		81062FBE196B6C7E0057D230 /* Build configuration list for PBXNativeTarget "OneSoundTests" */ = {
			isa = XCConfigurationList;
			buildConfigurations = (
				81062FBF196B6C7E0057D230 /* Debug */,
				81062FC0196B6C7E0057D230 /* Release */,
			);
			defaultConfigurationIsVisible = 0;
			defaultConfigurationName = Release;
		};
/* End XCConfigurationList section */
	};
	rootObject = 81062F95196B6C7E0057D230 /* Project object */;
}
